# This file was autogenerated by Stack.
# You should not edit this file by hand.
# For more information, please see the documentation at:
#   https://docs.haskellstack.org/en/stable/lock_files

packages:
- completed:
    hackage: extensible-0.8@sha256:45ca089909ae434329e4d05dc557be94ff04f24c43ff9b915bd90c0599c83211,2911
    pantry-tree:
      size: 2097
      sha256: d602c9d623afd9186a4d55898ef97f0dfb7f81ffbd5bae86e2238b3694d702fb
  original:
    hackage: extensible-0.8
- completed:
    hackage: extensible-skeleton-0@sha256:58473b1dbed6fe4dea07bff27d8e899404c03ddbcdd8ce338cf92c29d39871a2,1446
    pantry-tree:
      size: 441
      sha256: e7fd2d42784808415558f54c66450ae60d547c66b7c5349ddd942078a3c2bbae
  original:
    hackage: extensible-skeleton-0
- completed:
    hackage: membership-0@sha256:3a11d8fd53cb1a76bb9273e6c929bbf9d649f109714bf487abb3143be04ddc81,995
    pantry-tree:
      size: 408
      sha256: 3b593e0d14e848e318e745555776ebb25210e5e3dec4fde5d3c08ab51ceddc62
  original:
    hackage: membership-0
- completed:
    hackage: tangle-0@sha256:bbe74b5640adf321f9e487d2d1397a9593a1a0b9ee75793049ce3c9a4ad77734,974
    pantry-tree:
      size: 269
      sha256: 19e9a538cb9e1efbb255de17cbb32a8103c0c6e44a5cb36d312b76d482deb743
  original:
    hackage: tangle-0
snapshots:
- completed:
    size: 533252
    url: https://raw.githubusercontent.com/commercialhaskell/stackage-snapshots/master/lts/16/25.yaml
    sha256: 147598b98bdd95ec0409bac125a4f1bff3cd4f8d73334d283d098f66a4bcc053
  original: lts-16.25
