# This file was autogenerated by Stack.
# You should not edit this file by hand.
# For more information, please see the documentation at:
#   https://docs.haskellstack.org/en/stable/lock_files

packages:
- completed:
    hackage: extensible-0.6.1@sha256:d73a5dc13bd00f44ace729f83ce868e81a45ea31c7453a6f8a4a9b5b0591d600,2860
    pantry-tree:
      size: 2354
      sha256: 9fadd24af89df601f19d57893b513d1742a1942670d6d2e73e79fb4b7aabce65
  original:
    hackage: extensible-0.6.1
- completed:
    hackage: membership-0@sha256:3a11d8fd53cb1a76bb9273e6c929bbf9d649f109714bf487abb3143be04ddc81,995
    pantry-tree:
      size: 408
      sha256: 3b593e0d14e848e318e745555776ebb25210e5e3dec4fde5d3c08ab51ceddc62
  original:
    hackage: membership-0
- completed:
    hackage: hakyll-4.12.5.2@sha256:435eec729639a4bf0d58f3c7c71929600f4130f10241275d5e7df856cc8aae90,8677
    pantry-tree:
      size: 7631
      sha256: bd0cbe9051fae2b109d4b8955fd55a710b61c5dfd8b132d444c72c8f9e65c855
  original:
    hackage: hakyll-4.12.5.2
- completed:
    hackage: lrucache-1.2.0.1@sha256:18fc3d7052012c7ab3cd395160f34b53c5e1ec5379cc45185baf35b90ffadc2e,1254
    pantry-tree:
      size: 619
      sha256: 61b2a39a11873f2d8a577e1f6b5e848d2f465ea7f6837ce15436796d3a20eda0
  original:
    hackage: lrucache-1.2.0.1
- completed:
    hackage: pandoc-2.7.3@sha256:948cc90a0a4cf2031d93154e88cfd1dec3943282dc86e1ab7d5da9206ccb36bf,33273
    pantry-tree:
      size: 79947
      sha256: 4f69c60e468b104ac854a7a8ff5d37cf71eac39d2c6a920111d5e63b93766cf8
  original:
    hackage: pandoc-2.7.3
- completed:
    hackage: pandoc-citeproc-0.16.2@sha256:d3437d6492ebe6c479d29c5ecf30f074d209a5c9479693edce55d1841c50f17c,8415
    pantry-tree:
      size: 25427
      sha256: 9671e12deb5b4a4f2f69faa91295df503b87bb2121381be4cdaf8d14d69bea64
  original:
    hackage: pandoc-citeproc-0.16.2
- completed:
    hackage: skylighting-0.8.2@sha256:938c303653ea5097b91088f1e37f411e1c6db971b2cbad078125dc4cd34ea0a8,10432
    pantry-tree:
      size: 10381
      sha256: 35e0268723ba5e180bcf2dce2e2f4aa87713efe7c535ffde1914c9f710606698
  original:
    hackage: skylighting-0.8.2
- completed:
    hackage: skylighting-core-0.8.2@sha256:5acd42b6915a0467dc06ce4129355e03b9ef2bd197a5122dfbb84255c8a04c91,8008
    pantry-tree:
      size: 12747
      sha256: 41aec39171a9d4a92a21fb7f8ad113c5a07ffd30fb974fe66caed61964dbfd75
  original:
    hackage: skylighting-core-0.8.2
- completed:
    hackage: cmark-gfm-0.2.0@sha256:fb3f55b1db2e3cd121ec83bc97c06f0a8468623058b5876f8c750c61548461b8,5191
    pantry-tree:
      size: 4555
      sha256: 4afbc514d68ddcea612ea088203339e9828463c0594908323861a4e1e5eb8a7e
  original:
    hackage: cmark-gfm-0.2.0
- completed:
    hackage: hslua-1.0.3.2@sha256:8db3f80f52e8382c3ec6801742a13649cc2bf82cf55b6ac288a47512a6cc3b33,9685
    pantry-tree:
      size: 6706
      sha256: 3493a73e9d9a81402108d36e5b87fc688b7e0da0f29fce8f9a16d613b8d8e060
  original:
    hackage: hslua-1.0.3.2
- completed:
    hackage: hslua-module-system-0.2.1@sha256:7c498e51df885be5fd9abe9b762372ff4f125002824d8e11a7d5832154a7a1c3,2216
    pantry-tree:
      size: 508
      sha256: 19a1e580174d2e02da4942887b2330804e8ceeed1ff4fd178a1bec4663e474ea
  original:
    hackage: hslua-module-system-0.2.1
- completed:
    hackage: ipynb-0.1@sha256:5b5240a9793781da557f82891d49cea63d71c8c5d3500fa3eac9fd702046b520,1926
    pantry-tree:
      size: 812
      sha256: df171745ba4d6625eb71167a37237776cd10929994b05578b040592e2d5d5579
  original:
    hackage: ipynb-0.1
snapshots:
- completed:
    size: 495801
    url: https://raw.githubusercontent.com/commercialhaskell/stackage-snapshots/master/lts/13/11.yaml
    sha256: 835062158db2b3ebb8b9525d9662a02ebf9783e8f6a08a64684cd5546f847152
  original: lts-13.11
